// !$*UTF8*$!
{
	archiveVersion = 1;
	classes = {
	};
	objectVersion = 46;
	objects = {

/* Begin PBXBuildFile section */
		701CA3DF168582C50064483E /* UIKit.framework in Frameworks */ = {isa = PBXBuildFile; fileRef = 701CA3DE168582C50064483E /* UIKit.framework */; };
		701CA3E1168582C50064483E /* Foundation.framework in Frameworks */ = {isa = PBXBuildFile; fileRef = 701CA3E0168582C50064483E /* Foundation.framework */; };
		701CA3E3168582C50064483E /* CoreGraphics.framework in Frameworks */ = {isa = PBXBuildFile; fileRef = 701CA3E2168582C50064483E /* CoreGraphics.framework */; };
		701CA3E9168582C50064483E /* InfoPlist.strings in Resources */ = {isa = PBXBuildFile; fileRef = 701CA3E7168582C50064483E /* InfoPlist.strings */; };
		701CA3EB168582C50064483E /* main.m in Sources */ = {isa = PBXBuildFile; fileRef = 701CA3EA168582C50064483E /* main.m */; };
		701CA3EF168582C50064483E /* AppDelegate.m in Sources */ = {isa = PBXBuildFile; fileRef = 701CA3EE168582C50064483E /* AppDelegate.m */; };
		701CA3F1168582C50064483E /* Default.png in Resources */ = {isa = PBXBuildFile; fileRef = 701CA3F0168582C50064483E /* Default.png */; };
		701CA3F3168582C50064483E /* Default@2x.png in Resources */ = {isa = PBXBuildFile; fileRef = 701CA3F2168582C50064483E /* Default@2x.png */; };
		701CA3F5168582C50064483E /* Default-568h@2x.png in Resources */ = {isa = PBXBuildFile; fileRef = 701CA3F4168582C50064483E /* Default-568h@2x.png */; };
		701CA3FA168582C50064483E /* first.png in Resources */ = {isa = PBXBuildFile; fileRef = 701CA3F9168582C50064483E /* first.png */; };
		701CA3FC168582C50064483E /* first@2x.png in Resources */ = {isa = PBXBuildFile; fileRef = 701CA3FB168582C50064483E /* first@2x.png */; };
		701CA401168582C50064483E /* second.png in Resources */ = {isa = PBXBuildFile; fileRef = 701CA400168582C50064483E /* second.png */; };
		701CA403168582C50064483E /* second@2x.png in Resources */ = {isa = PBXBuildFile; fileRef = 701CA402168582C50064483E /* second@2x.png */; };
		701CA4121685865B0064483E /* NBAViewController.m in Sources */ = {isa = PBXBuildFile; fileRef = 701CA4101685865B0064483E /* NBAViewController.m */; };
		701CA4131685865B0064483E /* NBAViewController.xib in Resources */ = {isa = PBXBuildFile; fileRef = 701CA4111685865B0064483E /* NBAViewController.xib */; };
		701CA417168586800064483E /* FootballViewController.m in Sources */ = {isa = PBXBuildFile; fileRef = 701CA415168586800064483E /* FootballViewController.m */; };
		701CA418168586800064483E /* FootballViewController.xib in Resources */ = {isa = PBXBuildFile; fileRef = 701CA416168586800064483E /* FootballViewController.xib */; };
		701CA41C168586970064483E /* TopViewController.m in Sources */ = {isa = PBXBuildFile; fileRef = 701CA41A168586970064483E /* TopViewController.m */; };
		701CA41D168586970064483E /* TopViewController.xib in Resources */ = {isa = PBXBuildFile; fileRef = 701CA41B168586970064483E /* TopViewController.xib */; };
		701CA421168586B60064483E /* AllViewController.m in Sources */ = {isa = PBXBuildFile; fileRef = 701CA41F168586B60064483E /* AllViewController.m */; };
		701CA422168586B60064483E /* AllViewController.xib in Resources */ = {isa = PBXBuildFile; fileRef = 701CA420168586B60064483E /* AllViewController.xib */; };
		701CA42816858C0D0064483E /* MessageDownloader.m in Sources */ = {isa = PBXBuildFile; fileRef = 701CA42716858C0D0064483E /* MessageDownloader.m */; };
		701CA44716858D3B0064483E /* NSObject+SBJson.m in Sources */ = {isa = PBXBuildFile; fileRef = 701CA42F16858D3B0064483E /* NSObject+SBJson.m */; };
		701CA44816858D3B0064483E /* SBJsonParser.m in Sources */ = {isa = PBXBuildFile; fileRef = 701CA43216858D3B0064483E /* SBJsonParser.m */; };
		701CA44916858D3B0064483E /* SBJsonStreamParser.m in Sources */ = {isa = PBXBuildFile; fileRef = 701CA43416858D3B0064483E /* SBJsonStreamParser.m */; };
		701CA44A16858D3B0064483E /* SBJsonStreamParserAccumulator.m in Sources */ = {isa = PBXBuildFile; fileRef = 701CA43616858D3B0064483E /* SBJsonStreamParserAccumulator.m */; };
		701CA44B16858D3B0064483E /* SBJsonStreamParserAdapter.m in Sources */ = {isa = PBXBuildFile; fileRef = 701CA43816858D3B0064483E /* SBJsonStreamParserAdapter.m */; };
		701CA44C16858D3B0064483E /* SBJsonStreamParserState.m in Sources */ = {isa = PBXBuildFile; fileRef = 701CA43A16858D3B0064483E /* SBJsonStreamParserState.m */; };
		701CA44D16858D3B0064483E /* SBJsonStreamWriter.m in Sources */ = {isa = PBXBuildFile; fileRef = 701CA43C16858D3B0064483E /* SBJsonStreamWriter.m */; };
		701CA44E16858D3B0064483E /* SBJsonStreamWriterAccumulator.m in Sources */ = {isa = PBXBuildFile; fileRef = 701CA43E16858D3B0064483E /* SBJsonStreamWriterAccumulator.m */; };
		701CA44F16858D3B0064483E /* SBJsonStreamWriterState.m in Sources */ = {isa = PBXBuildFile; fileRef = 701CA44016858D3B0064483E /* SBJsonStreamWriterState.m */; };
		701CA45016858D3B0064483E /* SBJsonTokeniser.m in Sources */ = {isa = PBXBuildFile; fileRef = 701CA44216858D3B0064483E /* SBJsonTokeniser.m */; };
		701CA45116858D3B0064483E /* SBJsonUTF8Stream.m in Sources */ = {isa = PBXBuildFile; fileRef = 701CA44416858D3B0064483E /* SBJsonUTF8Stream.m */; };
		701CA45216858D3B0064483E /* SBJsonWriter.m in Sources */ = {isa = PBXBuildFile; fileRef = 701CA44616858D3B0064483E /* SBJsonWriter.m */; };
		701CA45516858E540064483E /* Message.m in Sources */ = {isa = PBXBuildFile; fileRef = 701CA45416858E540064483E /* Message.m */; };
		701CA45B168594DD0064483E /* DataService.m in Sources */ = {isa = PBXBuildFile; fileRef = 701CA45A168594DD0064483E /* DataService.m */; };
		701CA45E1685978B0064483E /* MessageCell.m in Sources */ = {isa = PBXBuildFile; fileRef = 701CA45D1685978A0064483E /* MessageCell.m */; };
		701CA4601685A75F0064483E /* head_1.png in Resources */ = {isa = PBXBuildFile; fileRef = 701CA45F1685A75F0064483E /* head_1.png */; };
		701CA46F1685C3CF0064483E /* MHImageCache.m in Sources */ = {isa = PBXBuildFile; fileRef = 701CA46C1685C3CE0064483E /* MHImageCache.m */; };
		701CA4701685C3CF0064483E /* MHLazyTableImages.m in Sources */ = {isa = PBXBuildFile; fileRef = 701CA46E1685C3CF0064483E /* MHLazyTableImages.m */; };
		701CA4721685CBC10064483E /* Placeholder.png in Resources */ = {isa = PBXBuildFile; fileRef = 701CA4711685CBC10064483E /* Placeholder.png */; };
		701CA4E91685D6150064483E /* STHTTPRequest.m in Sources */ = {isa = PBXBuildFile; fileRef = 701CA4E81685D6150064483E /* STHTTPRequest.m */; };
		701CA4F11685DF9F0064483E /* DetailViewController.m in Sources */ = {isa = PBXBuildFile; fileRef = 701CA4EF1685DF9F0064483E /* DetailViewController.m */; };
		701CA4F21685DF9F0064483E /* DetailViewController.xib in Resources */ = {isa = PBXBuildFile; fileRef = 701CA4F01685DF9F0064483E /* DetailViewController.xib */; };
		701CA4F51685ED280064483E /* MBProgressHUD.m in Sources */ = {isa = PBXBuildFile; fileRef = 701CA4F41685ED270064483E /* MBProgressHUD.m */; };
		701CA4FC16860F240064483E /* OMGToast.m in Sources */ = {isa = PBXBuildFile; fileRef = 701CA4FB16860F230064483E /* OMGToast.m */; };
/* End PBXBuildFile section */

/* Begin PBXFileReference section */
		701CA3DA168582C50064483E /* SportHeadline.app */ = {isa = PBXFileReference; explicitFileType = wrapper.application; includeInIndex = 0; path = SportHeadline.app; sourceTree = BUILT_PRODUCTS_DIR; };
		701CA3DE168582C50064483E /* UIKit.framework */ = {isa = PBXFileReference; lastKnownFileType = wrapper.framework; name = UIKit.framework; path = System/Library/Frameworks/UIKit.framework; sourceTree = SDKROOT; };
		701CA3E0168582C50064483E /* Foundation.framework */ = {isa = PBXFileReference; lastKnownFileType = wrapper.framework; name = Foundation.framework; path = System/Library/Frameworks/Foundation.framework; sourceTree = SDKROOT; };
		701CA3E2168582C50064483E /* CoreGraphics.framework */ = {isa = PBXFileReference; lastKnownFileType = wrapper.framework; name = CoreGraphics.framework; path = System/Library/Frameworks/CoreGraphics.framework; sourceTree = SDKROOT; };
		701CA3E6168582C50064483E /* SportHeadline-Info.plist */ = {isa = PBXFileReference; lastKnownFileType = text.plist.xml; path = "SportHeadline-Info.plist"; sourceTree = "<group>"; };
		701CA3E8168582C50064483E /* en */ = {isa = PBXFileReference; lastKnownFileType = text.plist.strings; name = en; path = en.lproj/InfoPlist.strings; sourceTree = "<group>"; };
		701CA3EA168582C50064483E /* main.m */ = {isa = PBXFileReference; lastKnownFileType = sourcecode.c.objc; path = main.m; sourceTree = "<group>"; };
		701CA3EC168582C50064483E /* SportHeadline-Prefix.pch */ = {isa = PBXFileReference; lastKnownFileType = sourcecode.c.h; path = "SportHeadline-Prefix.pch"; sourceTree = "<group>"; };
		701CA3ED168582C50064483E /* AppDelegate.h */ = {isa = PBXFileReference; lastKnownFileType = sourcecode.c.h; path = AppDelegate.h; sourceTree = "<group>"; };
		701CA3EE168582C50064483E /* AppDelegate.m */ = {isa = PBXFileReference; lastKnownFileType = sourcecode.c.objc; path = AppDelegate.m; sourceTree = "<group>"; };
		701CA3F0168582C50064483E /* Default.png */ = {isa = PBXFileReference; lastKnownFileType = image.png; path = Default.png; sourceTree = "<group>"; };
		701CA3F2168582C50064483E /* Default@2x.png */ = {isa = PBXFileReference; lastKnownFileType = image.png; path = "Default@2x.png"; sourceTree = "<group>"; };
		701CA3F4168582C50064483E /* Default-568h@2x.png */ = {isa = PBXFileReference; lastKnownFileType = image.png; path = "Default-568h@2x.png"; sourceTree = "<group>"; };
		701CA3F9168582C50064483E /* first.png */ = {isa = PBXFileReference; lastKnownFileType = image.png; path = first.png; sourceTree = "<group>"; };
		701CA3FB168582C50064483E /* first@2x.png */ = {isa = PBXFileReference; lastKnownFileType = image.png; path = "first@2x.png"; sourceTree = "<group>"; };
		701CA400168582C50064483E /* second.png */ = {isa = PBXFileReference; lastKnownFileType = image.png; path = second.png; sourceTree = "<group>"; };
		701CA402168582C50064483E /* second@2x.png */ = {isa = PBXFileReference; lastKnownFileType = image.png; path = "second@2x.png"; sourceTree = "<group>"; };
		701CA40F1685865B0064483E /* NBAViewController.h */ = {isa = PBXFileReference; fileEncoding = 4; lastKnownFileType = sourcecode.c.h; path = NBAViewController.h; sourceTree = "<group>"; };
		701CA4101685865B0064483E /* NBAViewController.m */ = {isa = PBXFileReference; fileEncoding = 4; lastKnownFileType = sourcecode.c.objc; path = NBAViewController.m; sourceTree = "<group>"; };
		701CA4111685865B0064483E /* NBAViewController.xib */ = {isa = PBXFileReference; fileEncoding = 4; lastKnownFileType = file.xib; path = NBAViewController.xib; sourceTree = "<group>"; };
		701CA414168586800064483E /* FootballViewController.h */ = {isa = PBXFileReference; fileEncoding = 4; lastKnownFileType = sourcecode.c.h; path = FootballViewController.h; sourceTree = "<group>"; };
		701CA415168586800064483E /* FootballViewController.m */ = {isa = PBXFileReference; fileEncoding = 4; lastKnownFileType = sourcecode.c.objc; path = FootballViewController.m; sourceTree = "<group>"; };
		701CA416168586800064483E /* FootballViewController.xib */ = {isa = PBXFileReference; fileEncoding = 4; lastKnownFileType = file.xib; path = FootballViewController.xib; sourceTree = "<group>"; };
		701CA419168586970064483E /* TopViewController.h */ = {isa = PBXFileReference; fileEncoding = 4; lastKnownFileType = sourcecode.c.h; path = TopViewController.h; sourceTree = "<group>"; };
		701CA41A168586970064483E /* TopViewController.m */ = {isa = PBXFileReference; fileEncoding = 4; lastKnownFileType = sourcecode.c.objc; path = TopViewController.m; sourceTree = "<group>"; };
		701CA41B168586970064483E /* TopViewController.xib */ = {isa = PBXFileReference; fileEncoding = 4; lastKnownFileType = file.xib; path = TopViewController.xib; sourceTree = "<group>"; };
		701CA41E168586B60064483E /* AllViewController.h */ = {isa = PBXFileReference; fileEncoding = 4; lastKnownFileType = sourcecode.c.h; path = AllViewController.h; sourceTree = "<group>"; };
		701CA41F168586B60064483E /* AllViewController.m */ = {isa = PBXFileReference; fileEncoding = 4; lastKnownFileType = sourcecode.c.objc; path = AllViewController.m; sourceTree = "<group>"; };
		701CA420168586B60064483E /* AllViewController.xib */ = {isa = PBXFileReference; fileEncoding = 4; lastKnownFileType = file.xib; path = AllViewController.xib; sourceTree = "<group>"; };
		701CA42616858C0D0064483E /* MessageDownloader.h */ = {isa = PBXFileReference; fileEncoding = 4; lastKnownFileType = sourcecode.c.h; path = MessageDownloader.h; sourceTree = "<group>"; };
		701CA42716858C0D0064483E /* MessageDownloader.m */ = {isa = PBXFileReference; fileEncoding = 4; lastKnownFileType = sourcecode.c.objc; path = MessageDownloader.m; sourceTree = "<group>"; };
		701CA42E16858D3B0064483E /* NSObject+SBJson.h */ = {isa = PBXFileReference; fileEncoding = 4; lastKnownFileType = sourcecode.c.h; path = "NSObject+SBJson.h"; sourceTree = "<group>"; };
		701CA42F16858D3B0064483E /* NSObject+SBJson.m */ = {isa = PBXFileReference; fileEncoding = 4; lastKnownFileType = sourcecode.c.objc; path = "NSObject+SBJson.m"; sourceTree = "<group>"; };
		701CA43016858D3B0064483E /* SBJson.h */ = {isa = PBXFileReference; fileEncoding = 4; lastKnownFileType = sourcecode.c.h; path = SBJson.h; sourceTree = "<group>"; };
		701CA43116858D3B0064483E /* SBJsonParser.h */ = {isa = PBXFileReference; fileEncoding = 4; lastKnownFileType = sourcecode.c.h; path = SBJsonParser.h; sourceTree = "<group>"; };
		701CA43216858D3B0064483E /* SBJsonParser.m */ = {isa = PBXFileReference; fileEncoding = 4; lastKnownFileType = sourcecode.c.objc; path = SBJsonParser.m; sourceTree = "<group>"; };
		701CA43316858D3B0064483E /* SBJsonStreamParser.h */ = {isa = PBXFileReference; fileEncoding = 4; lastKnownFileType = sourcecode.c.h; path = SBJsonStreamParser.h; sourceTree = "<group>"; };
		701CA43416858D3B0064483E /* SBJsonStreamParser.m */ = {isa = PBXFileReference; fileEncoding = 4; lastKnownFileType = sourcecode.c.objc; path = SBJsonStreamParser.m; sourceTree = "<group>"; };
		701CA43516858D3B0064483E /* SBJsonStreamParserAccumulator.h */ = {isa = PBXFileReference; fileEncoding = 4; lastKnownFileType = sourcecode.c.h; path = SBJsonStreamParserAccumulator.h; sourceTree = "<group>"; };
		701CA43616858D3B0064483E /* SBJsonStreamParserAccumulator.m */ = {isa = PBXFileReference; fileEncoding = 4; lastKnownFileType = sourcecode.c.objc; path = SBJsonStreamParserAccumulator.m; sourceTree = "<group>"; };
		701CA43716858D3B0064483E /* SBJsonStreamParserAdapter.h */ = {isa = PBXFileReference; fileEncoding = 4; lastKnownFileType = sourcecode.c.h; path = SBJsonStreamParserAdapter.h; sourceTree = "<group>"; };
		701CA43816858D3B0064483E /* SBJsonStreamParserAdapter.m */ = {isa = PBXFileReference; fileEncoding = 4; lastKnownFileType = sourcecode.c.objc; path = SBJsonStreamParserAdapter.m; sourceTree = "<group>"; };
		701CA43916858D3B0064483E /* SBJsonStreamParserState.h */ = {isa = PBXFileReference; fileEncoding = 4; lastKnownFileType = sourcecode.c.h; path = SBJsonStreamParserState.h; sourceTree = "<group>"; };
		701CA43A16858D3B0064483E /* SBJsonStreamParserState.m */ = {isa = PBXFileReference; fileEncoding = 4; lastKnownFileType = sourcecode.c.objc; path = SBJsonStreamParserState.m; sourceTree = "<group>"; };
		701CA43B16858D3B0064483E /* SBJsonStreamWriter.h */ = {isa = PBXFileReference; fileEncoding = 4; lastKnownFileType = sourcecode.c.h; path = SBJsonStreamWriter.h; sourceTree = "<group>"; };
		701CA43C16858D3B0064483E /* SBJsonStreamWriter.m */ = {isa = PBXFileReference; fileEncoding = 4; lastKnownFileType = sourcecode.c.objc; path = SBJsonStreamWriter.m; sourceTree = "<group>"; };
		701CA43D16858D3B0064483E /* SBJsonStreamWriterAccumulator.h */ = {isa = PBXFileReference; fileEncoding = 4; lastKnownFileType = sourcecode.c.h; path = SBJsonStreamWriterAccumulator.h; sourceTree = "<group>"; };
		701CA43E16858D3B0064483E /* SBJsonStreamWriterAccumulator.m */ = {isa = PBXFileReference; fileEncoding = 4; lastKnownFileType = sourcecode.c.objc; path = SBJsonStreamWriterAccumulator.m; sourceTree = "<group>"; };
		701CA43F16858D3B0064483E /* SBJsonStreamWriterState.h */ = {isa = PBXFileReference; fileEncoding = 4; lastKnownFileType = sourcecode.c.h; path = SBJsonStreamWriterState.h; sourceTree = "<group>"; };
		701CA44016858D3B0064483E /* SBJsonStreamWriterState.m */ = {isa = PBXFileReference; fileEncoding = 4; lastKnownFileType = sourcecode.c.objc; path = SBJsonStreamWriterState.m; sourceTree = "<group>"; };
		701CA44116858D3B0064483E /* SBJsonTokeniser.h */ = {isa = PBXFileReference; fileEncoding = 4; lastKnownFileType = sourcecode.c.h; path = SBJsonTokeniser.h; sourceTree = "<group>"; };
		701CA44216858D3B0064483E /* SBJsonTokeniser.m */ = {isa = PBXFileReference; fileEncoding = 4; lastKnownFileType = sourcecode.c.objc; path = SBJsonTokeniser.m; sourceTree = "<group>"; };
		701CA44316858D3B0064483E /* SBJsonUTF8Stream.h */ = {isa = PBXFileReference; fileEncoding = 4; lastKnownFileType = sourcecode.c.h; path = SBJsonUTF8Stream.h; sourceTree = "<group>"; };
		701CA44416858D3B0064483E /* SBJsonUTF8Stream.m */ = {isa = PBXFileReference; fileEncoding = 4; lastKnownFileType = sourcecode.c.objc; path = SBJsonUTF8Stream.m; sourceTree = "<group>"; };
		701CA44516858D3B0064483E /* SBJsonWriter.h */ = {isa = PBXFileReference; fileEncoding = 4; lastKnownFileType = sourcecode.c.h; path = SBJsonWriter.h; sourceTree = "<group>"; };
		701CA44616858D3B0064483E /* SBJsonWriter.m */ = {isa = PBXFileReference; fileEncoding = 4; lastKnownFileType = sourcecode.c.objc; path = SBJsonWriter.m; sourceTree = "<group>"; };
		701CA45316858E540064483E /* Message.h */ = {isa = PBXFileReference; fileEncoding = 4; lastKnownFileType = sourcecode.c.h; path = Message.h; sourceTree = "<group>"; };
		701CA45416858E540064483E /* Message.m */ = {isa = PBXFileReference; fileEncoding = 4; lastKnownFileType = sourcecode.c.objc; path = Message.m; sourceTree = "<group>"; };
		701CA456168590250064483E /* Constant.h */ = {isa = PBXFileReference; fileEncoding = 4; lastKnownFileType = sourcecode.c.h; path = Constant.h; sourceTree = "<group>"; };
		701CA459168594DD0064483E /* DataService.h */ = {isa = PBXFileReference; fileEncoding = 4; lastKnownFileType = sourcecode.c.h; path = DataService.h; sourceTree = "<group>"; };
		701CA45A168594DD0064483E /* DataService.m */ = {isa = PBXFileReference; fileEncoding = 4; lastKnownFileType = sourcecode.c.objc; path = DataService.m; sourceTree = "<group>"; };
		701CA45C1685978A0064483E /* MessageCell.h */ = {isa = PBXFileReference; fileEncoding = 4; lastKnownFileType = sourcecode.c.h; path = MessageCell.h; sourceTree = "<group>"; };
		701CA45D1685978A0064483E /* MessageCell.m */ = {isa = PBXFileReference; fileEncoding = 4; lastKnownFileType = sourcecode.c.objc; path = MessageCell.m; sourceTree = "<group>"; };
		701CA45F1685A75F0064483E /* head_1.png */ = {isa = PBXFileReference; lastKnownFileType = image.png; path = head_1.png; sourceTree = "<group>"; };
		701CA46B1685C3CE0064483E /* MHImageCache.h */ = {isa = PBXFileReference; fileEncoding = 4; lastKnownFileType = sourcecode.c.h; path = MHImageCache.h; sourceTree = "<group>"; };
		701CA46C1685C3CE0064483E /* MHImageCache.m */ = {isa = PBXFileReference; fileEncoding = 4; lastKnownFileType = sourcecode.c.objc; path = MHImageCache.m; sourceTree = "<group>"; };
		701CA46D1685C3CE0064483E /* MHLazyTableImages.h */ = {isa = PBXFileReference; fileEncoding = 4; lastKnownFileType = sourcecode.c.h; path = MHLazyTableImages.h; sourceTree = "<group>"; };
		701CA46E1685C3CF0064483E /* MHLazyTableImages.m */ = {isa = PBXFileReference; fileEncoding = 4; lastKnownFileType = sourcecode.c.objc; path = MHLazyTableImages.m; sourceTree = "<group>"; };
		701CA4711685CBC10064483E /* Placeholder.png */ = {isa = PBXFileReference; lastKnownFileType = image.png; path = Placeholder.png; sourceTree = "<group>"; };
		701CA4E71685D6150064483E /* STHTTPRequest.h */ = {isa = PBXFileReference; fileEncoding = 4; lastKnownFileType = sourcecode.c.h; path = STHTTPRequest.h; sourceTree = "<group>"; };
		701CA4E81685D6150064483E /* STHTTPRequest.m */ = {isa = PBXFileReference; fileEncoding = 4; lastKnownFileType = sourcecode.c.objc; path = STHTTPRequest.m; sourceTree = "<group>"; };
		701CA4EE1685DF9F0064483E /* DetailViewController.h */ = {isa = PBXFileReference; fileEncoding = 4; lastKnownFileType = sourcecode.c.h; path = DetailViewController.h; sourceTree = "<group>"; };
		701CA4EF1685DF9F0064483E /* DetailViewController.m */ = {isa = PBXFileReference; fileEncoding = 4; lastKnownFileType = sourcecode.c.objc; path = DetailViewController.m; sourceTree = "<group>"; };
		701CA4F01685DF9F0064483E /* DetailViewController.xib */ = {isa = PBXFileReference; fileEncoding = 4; lastKnownFileType = file.xib; path = DetailViewController.xib; sourceTree = "<group>"; };
		701CA4F31685ED270064483E /* MBProgressHUD.h */ = {isa = PBXFileReference; fileEncoding = 4; lastKnownFileType = sourcecode.c.h; path = MBProgressHUD.h; sourceTree = "<group>"; };
		701CA4F41685ED270064483E /* MBProgressHUD.m */ = {isa = PBXFileReference; fileEncoding = 4; lastKnownFileType = sourcecode.c.objc; path = MBProgressHUD.m; sourceTree = "<group>"; };
		701CA4FA16860F220064483E /* OMGToast.h */ = {isa = PBXFileReference; fileEncoding = 4; lastKnownFileType = sourcecode.c.h; path = OMGToast.h; sourceTree = "<group>"; };
		701CA4FB16860F230064483E /* OMGToast.m */ = {isa = PBXFileReference; fileEncoding = 4; lastKnownFileType = sourcecode.c.objc; path = OMGToast.m; sourceTree = "<group>"; };
/* End PBXFileReference section */

/* Begin PBXFrameworksBuildPhase section */
		701CA3D7168582C40064483E /* Frameworks */ = {
			isa = PBXFrameworksBuildPhase;
			buildActionMask = 2147483647;
			files = (
				701CA3DF168582C50064483E /* UIKit.framework in Frameworks */,
				701CA3E1168582C50064483E /* Foundation.framework in Frameworks */,
				701CA3E3168582C50064483E /* CoreGraphics.framework in Frameworks */,
			);
			runOnlyForDeploymentPostprocessing = 0;
		};
/* End PBXFrameworksBuildPhase section */

/* Begin PBXGroup section */
		701CA3CF168582C40064483E = {
			isa = PBXGroup;
			children = (
				701CA3E4168582C50064483E /* SportHeadline */,
				701CA3DD168582C50064483E /* Frameworks */,
				701CA3DB168582C50064483E /* Products */,
			);
			sourceTree = "<group>";
		};
		701CA3DB168582C50064483E /* Products */ = {
			isa = PBXGroup;
			children = (
				701CA3DA168582C50064483E /* SportHeadline.app */,
			);
			name = Products;
			sourceTree = "<group>";
		};
		701CA3DD168582C50064483E /* Frameworks */ = {
			isa = PBXGroup;
			children = (
				701CA3DE168582C50064483E /* UIKit.framework */,
				701CA3E0168582C50064483E /* Foundation.framework */,
				701CA3E2168582C50064483E /* CoreGraphics.framework */,
			);
			name = Frameworks;
			sourceTree = "<group>";
		};
		701CA3E4168582C50064483E /* SportHeadline */ = {
			isa = PBXGroup;
			children = (
				701CA4971685D3B10064483E /* STHttp */,
				701CA42D16858D190064483E /* JSON */,
				701CA42516858A340064483E /* Utils */,
				701CA42416858A190064483E /* Resources */,
				701CA423168589F00064483E /* Classes */,
				701CA3ED168582C50064483E /* AppDelegate.h */,
				701CA3EE168582C50064483E /* AppDelegate.m */,
				701CA3E5168582C50064483E /* Supporting Files */,
			);
			path = SportHeadline;
			sourceTree = "<group>";
		};
		701CA3E5168582C50064483E /* Supporting Files */ = {
			isa = PBXGroup;
			children = (
				701CA3E6168582C50064483E /* SportHeadline-Info.plist */,
				701CA3EA168582C50064483E /* main.m */,
				701CA3EC168582C50064483E /* SportHeadline-Prefix.pch */,
				701CA3F0168582C50064483E /* Default.png */,
				701CA3F2168582C50064483E /* Default@2x.png */,
				701CA3F4168582C50064483E /* Default-568h@2x.png */,
			);
			name = "Supporting Files";
			sourceTree = "<group>";
		};
		701CA423168589F00064483E /* Classes */ = {
			isa = PBXGroup;
			children = (
				701CA4F01685DF9F0064483E /* DetailViewController.xib */,
				701CA40F1685865B0064483E /* NBAViewController.h */,
				701CA4101685865B0064483E /* NBAViewController.m */,
				701CA4111685865B0064483E /* NBAViewController.xib */,
				701CA414168586800064483E /* FootballViewController.h */,
				701CA415168586800064483E /* FootballViewController.m */,
				701CA416168586800064483E /* FootballViewController.xib */,
				701CA419168586970064483E /* TopViewController.h */,
				701CA41A168586970064483E /* TopViewController.m */,
				701CA41B168586970064483E /* TopViewController.xib */,
				701CA3E7168582C50064483E /* InfoPlist.strings */,
				701CA41E168586B60064483E /* AllViewController.h */,
				701CA41F168586B60064483E /* AllViewController.m */,
				701CA4EE1685DF9F0064483E /* DetailViewController.h */,
				701CA4EF1685DF9F0064483E /* DetailViewController.m */,
				701CA420168586B60064483E /* AllViewController.xib */,
			);
			name = Classes;
			sourceTree = "<group>";
		};
		701CA42416858A190064483E /* Resources */ = {
			isa = PBXGroup;
			children = (
				701CA45F1685A75F0064483E /* head_1.png */,
				701CA3F9168582C50064483E /* first.png */,
				701CA4711685CBC10064483E /* Placeholder.png */,
				701CA3FB168582C50064483E /* first@2x.png */,
				701CA400168582C50064483E /* second.png */,
				701CA402168582C50064483E /* second@2x.png */,
			);
			name = Resources;
			sourceTree = "<group>";
		};
		701CA42516858A340064483E /* Utils */ = {
			isa = PBXGroup;
			children = (
				701CA46B1685C3CE0064483E /* MHImageCache.h */,
				701CA46C1685C3CE0064483E /* MHImageCache.m */,
				701CA46D1685C3CE0064483E /* MHLazyTableImages.h */,
				701CA46E1685C3CF0064483E /* MHLazyTableImages.m */,
				701CA42616858C0D0064483E /* MessageDownloader.h */,
				701CA42716858C0D0064483E /* MessageDownloader.m */,
				701CA45316858E540064483E /* Message.h */,
				701CA45416858E540064483E /* Message.m */,
				701CA456168590250064483E /* Constant.h */,
				701CA459168594DD0064483E /* DataService.h */,
				701CA45A168594DD0064483E /* DataService.m */,
				701CA45C1685978A0064483E /* MessageCell.h */,
				701CA45D1685978A0064483E /* MessageCell.m */,
				701CA4F31685ED270064483E /* MBProgressHUD.h */,
				701CA4F41685ED270064483E /* MBProgressHUD.m */,
				701CA4FA16860F220064483E /* OMGToast.h */,
				701CA4FB16860F230064483E /* OMGToast.m */,
			);
			name = Utils;
			sourceTree = "<group>";
		};
		701CA42D16858D190064483E /* JSON */ = {
			isa = PBXGroup;
			children = (
				701CA42E16858D3B0064483E /* NSObject+SBJson.h */,
				701CA42F16858D3B0064483E /* NSObject+SBJson.m */,
				701CA43016858D3B0064483E /* SBJson.h */,
				701CA43116858D3B0064483E /* SBJsonParser.h */,
				701CA43216858D3B0064483E /* SBJsonParser.m */,
				701CA43316858D3B0064483E /* SBJsonStreamParser.h */,
				701CA43416858D3B0064483E /* SBJsonStreamParser.m */,
				701CA43516858D3B0064483E /* SBJsonStreamParserAccumulator.h */,
				701CA43616858D3B0064483E /* SBJsonStreamParserAccumulator.m */,
				701CA43716858D3B0064483E /* SBJsonStreamParserAdapter.h */,
				701CA43816858D3B0064483E /* SBJsonStreamParserAdapter.m */,
				701CA43916858D3B0064483E /* SBJsonStreamParserState.h */,
				701CA43A16858D3B0064483E /* SBJsonStreamParserState.m */,
				701CA43B16858D3B0064483E /* SBJsonStreamWriter.h */,
				701CA43C16858D3B0064483E /* SBJsonStreamWriter.m */,
				701CA43D16858D3B0064483E /* SBJsonStreamWriterAccumulator.h */,
				701CA43E16858D3B0064483E /* SBJsonStreamWriterAccumulator.m */,
				701CA43F16858D3B0064483E /* SBJsonStreamWriterState.h */,
				701CA44016858D3B0064483E /* SBJsonStreamWriterState.m */,
				701CA44116858D3B0064483E /* SBJsonTokeniser.h */,
				701CA44216858D3B0064483E /* SBJsonTokeniser.m */,
				701CA44316858D3B0064483E /* SBJsonUTF8Stream.h */,
				701CA44416858D3B0064483E /* SBJsonUTF8Stream.m */,
				701CA44516858D3B0064483E /* SBJsonWriter.h */,
				701CA44616858D3B0064483E /* SBJsonWriter.m */,
			);
			name = JSON;
			sourceTree = "<group>";
		};
		701CA4971685D3B10064483E /* STHttp */ = {
			isa = PBXGroup;
			children = (
				701CA4E71685D6150064483E /* STHTTPRequest.h */,
				701CA4E81685D6150064483E /* STHTTPRequest.m */,
			);
			name = STHttp;
			sourceTree = "<group>";
		};
/* End PBXGroup section */

/* Begin PBXNativeTarget section */
		701CA3D9168582C40064483E /* SportHeadline */ = {
			isa = PBXNativeTarget;
			buildConfigurationList = 701CA40C168582C50064483E /* Build configuration list for PBXNativeTarget "SportHeadline" */;
			buildPhases = (
				701CA3D6168582C40064483E /* Sources */,
				701CA3D7168582C40064483E /* Frameworks */,
				701CA3D8168582C40064483E /* Resources */,
			);
			buildRules = (
			);
			dependencies = (
			);
			name = SportHeadline;
			productName = SportHeadline;
			productReference = 701CA3DA168582C50064483E /* SportHeadline.app */;
			productType = "com.apple.product-type.application";
		};
/* End PBXNativeTarget section */

/* Begin PBXProject section */
		701CA3D1168582C40064483E /* Project object */ = {
			isa = PBXProject;
			attributes = {
				LastUpgradeCheck = 0450;
				ORGANIZATIONNAME = sport;
			};
			buildConfigurationList = 701CA3D4168582C40064483E /* Build configuration list for PBXProject "SportHeadline" */;
			compatibilityVersion = "Xcode 3.2";
			developmentRegion = English;
			hasScannedForEncodings = 0;
			knownRegions = (
				en,
			);
			mainGroup = 701CA3CF168582C40064483E;
			productRefGroup = 701CA3DB168582C50064483E /* Products */;
			projectDirPath = "";
			projectRoot = "";
			targets = (
				701CA3D9168582C40064483E /* SportHeadline */,
			);
		};
/* End PBXProject section */

/* Begin PBXResourcesBuildPhase section */
		701CA3D8168582C40064483E /* Resources */ = {
			isa = PBXResourcesBuildPhase;
			buildActionMask = 2147483647;
			files = (
				701CA3E9168582C50064483E /* InfoPlist.strings in Resources */,
				701CA3F1168582C50064483E /* Default.png in Resources */,
				701CA3F3168582C50064483E /* Default@2x.png in Resources */,
				701CA3F5168582C50064483E /* Default-568h@2x.png in Resources */,
				701CA3FA168582C50064483E /* first.png in Resources */,
				701CA3FC168582C50064483E /* first@2x.png in Resources */,
				701CA401168582C50064483E /* second.png in Resources */,
				701CA403168582C50064483E /* second@2x.png in Resources */,
				701CA4131685865B0064483E /* NBAViewController.xib in Resources */,
				701CA418168586800064483E /* FootballViewController.xib in Resources */,
				701CA41D168586970064483E /* TopViewController.xib in Resources */,
				701CA422168586B60064483E /* AllViewController.xib in Resources */,
				701CA4601685A75F0064483E /* head_1.png in Resources */,
				701CA4721685CBC10064483E /* Placeholder.png in Resources */,
				701CA4F21685DF9F0064483E /* DetailViewController.xib in Resources */,
			);
			runOnlyForDeploymentPostprocessing = 0;
		};
/* End PBXResourcesBuildPhase section */

/* Begin PBXSourcesBuildPhase section */
		701CA3D6168582C40064483E /* Sources */ = {
			isa = PBXSourcesBuildPhase;
			buildActionMask = 2147483647;
			files = (
				701CA3EB168582C50064483E /* main.m in Sources */,
				701CA3EF168582C50064483E /* AppDelegate.m in Sources */,
				701CA4121685865B0064483E /* NBAViewController.m in Sources */,
				701CA417168586800064483E /* FootballViewController.m in Sources */,
				701CA41C168586970064483E /* TopViewController.m in Sources */,
				701CA421168586B60064483E /* AllViewController.m in Sources */,
				701CA42816858C0D0064483E /* MessageDownloader.m in Sources */,
				701CA44716858D3B0064483E /* NSObject+SBJson.m in Sources */,
				701CA44816858D3B0064483E /* SBJsonParser.m in Sources */,
				701CA44916858D3B0064483E /* SBJsonStreamParser.m in Sources */,
				701CA44A16858D3B0064483E /* SBJsonStreamParserAccumulator.m in Sources */,
				701CA44B16858D3B0064483E /* SBJsonStreamParserAdapter.m in Sources */,
				701CA44C16858D3B0064483E /* SBJsonStreamParserState.m in Sources */,
				701CA44D16858D3B0064483E /* SBJsonStreamWriter.m in Sources */,
				701CA44E16858D3B0064483E /* SBJsonStreamWriterAccumulator.m in Sources */,
				701CA44F16858D3B0064483E /* SBJsonStreamWriterState.m in Sources */,
				701CA45016858D3B0064483E /* SBJsonTokeniser.m in Sources */,
				701CA45116858D3B0064483E /* SBJsonUTF8Stream.m in Sources */,
				701CA45216858D3B0064483E /* SBJsonWriter.m in Sources */,
				701CA45516858E540064483E /* Message.m in Sources */,
				701CA45B168594DD0064483E /* DataService.m in Sources */,
				701CA45E1685978B0064483E /* MessageCell.m in Sources */,
				701CA46F1685C3CF0064483E /* MHImageCache.m in Sources */,
				701CA4701685C3CF0064483E /* MHLazyTableImages.m in Sources */,
				701CA4E91685D6150064483E /* STHTTPRequest.m in Sources */,
				701CA4F11685DF9F0064483E /* DetailViewController.m in Sources */,
				701CA4F51685ED280064483E /* MBProgressHUD.m in Sources */,
				701CA4FC16860F240064483E /* OMGToast.m in Sources */,
			);
			runOnlyForDeploymentPostprocessing = 0;
		};
/* End PBXSourcesBuildPhase section */

/* Begin PBXVariantGroup section */
		701CA3E7168582C50064483E /* InfoPlist.strings */ = {
			isa = PBXVariantGroup;
			children = (
				701CA3E8168582C50064483E /* en */,
			);
			name = InfoPlist.strings;
			sourceTree = "<group>";
		};
/* End PBXVariantGroup section */

/* Begin XCBuildConfiguration section */
		701CA40A168582C50064483E /* Debug */ = {
			isa = XCBuildConfiguration;
			buildSettings = {
				ALWAYS_SEARCH_USER_PATHS = NO;
				CLANG_CXX_LANGUAGE_STANDARD = "gnu++0x";
				CLANG_CXX_LIBRARY = "libc++";
				CLANG_WARN_EMPTY_BODY = YES;
				CLANG_WARN__DUPLICATE_METHOD_MATCH = YES;
				"CODE_SIGN_IDENTITY[sdk=iphoneos*]" = "iPhone Developer";
				COPY_PHASE_STRIP = NO;
				GCC_C_LANGUAGE_STANDARD = gnu99;
				GCC_DYNAMIC_NO_PIC = NO;
				GCC_OPTIMIZATION_LEVEL = 0;
				GCC_PREPROCESSOR_DEFINITIONS = (
					"DEBUG=1",
					"$(inherited)",
				);
				GCC_SYMBOLS_PRIVATE_EXTERN = NO;
				GCC_WARN_ABOUT_RETURN_TYPE = YES;
				GCC_WARN_UNINITIALIZED_AUTOS = YES;
				GCC_WARN_UNUSED_VARIABLE = YES;
				IPHONEOS_DEPLOYMENT_TARGET = 6.0;
				ONLY_ACTIVE_ARCH = YES;
				SDKROOT = iphoneos;
			};
			name = Debug;
		};
		701CA40B168582C50064483E /* Release */ = {
			isa = XCBuildConfiguration;
			buildSettings = {
				ALWAYS_SEARCH_USER_PATHS = NO;
				CLANG_CXX_LANGUAGE_STANDARD = "gnu++0x";
				CLANG_CXX_LIBRARY = "libc++";
				CLANG_WARN_EMPTY_BODY = YES;
				CLANG_WARN__DUPLICATE_METHOD_MATCH = YES;
				"CODE_SIGN_IDENTITY[sdk=iphoneos*]" = "iPhone Developer";
				COPY_PHASE_STRIP = YES;
				GCC_C_LANGUAGE_STANDARD = gnu99;
				GCC_WARN_ABOUT_RETURN_TYPE = YES;
				GCC_WARN_UNINITIALIZED_AUTOS = YES;
				GCC_WARN_UNUSED_VARIABLE = YES;
				IPHONEOS_DEPLOYMENT_TARGET = 6.0;
				OTHER_CFLAGS = "-DNS_BLOCK_ASSERTIONS=1";
				SDKROOT = iphoneos;
				VALIDATE_PRODUCT = YES;
			};
			name = Release;
		};
		701CA40D168582C50064483E /* Debug */ = {
			isa = XCBuildConfiguration;
			buildSettings = {
				GCC_PRECOMPILE_PREFIX_HEADER = YES;
				GCC_PREFIX_HEADER = "SportHeadline/SportHeadline-Prefix.pch";
				INFOPLIST_FILE = "SportHeadline/SportHeadline-Info.plist";
				PRODUCT_NAME = "$(TARGET_NAME)";
				WRAPPER_EXTENSION = app;
			};
			name = Debug;
		};
		701CA40E168582C50064483E /* Release */ = {
			isa = XCBuildConfiguration;
			buildSettings = {
				GCC_PRECOMPILE_PREFIX_HEADER = YES;
				GCC_PREFIX_HEADER = "SportHeadline/SportHeadline-Prefix.pch";
				INFOPLIST_FILE = "SportHeadline/SportHeadline-Info.plist";
				PRODUCT_NAME = "$(TARGET_NAME)";
				WRAPPER_EXTENSION = app;
			};
			name = Release;
		};
/* End XCBuildConfiguration section */

/* Begin XCConfigurationList section */
		701CA3D4168582C40064483E /* Build configuration list for PBXProject "SportHeadline" */ = {
			isa = XCConfigurationList;
			buildConfigurations = (
				701CA40A168582C50064483E /* Debug */,
				701CA40B168582C50064483E /* Release */,
			);
			defaultConfigurationIsVisible = 0;
			defaultConfigurationName = Release;
		};
		701CA40C168582C50064483E /* Build configuration list for PBXNativeTarget "SportHeadline" */ = {
			isa = XCConfigurationList;
			buildConfigurations = (
				701CA40D168582C50064483E /* Debug */,
				701CA40E168582C50064483E /* Release */,
			);
			defaultConfigurationIsVisible = 0;
			defaultConfigurationName = Release;
		};
/* End XCConfigurationList section */
	};
	rootObject = 701CA3D1168582C40064483E /* Project object */;
}
